
Microsoft Visual Studio Solution File, Format Version 12.00
# Visual Studio Version 16
VisualStudioVersion = 16.0.31205.134
MinimumVisualStudioVersion = 10.0.40219.1
Project("{9A19103F-16F7-4668-BE54-9A1E7A4F7556}") = "ClasstestApp", "ClasstestApp\ClasstestApp.csproj", "{E28649C0-3C6F-418B-B19A-78D2855F5859}"
EndProject
Project("{9A19103F-16F7-4668-BE54-9A1E7A4F7556}") = "InterfaceTestApp", "InterfaceTestApp\InterfaceTestApp.csproj", "{A1CA4B4D-41CA-4945-B0D8-522646B5501A}"
EndProject
Project("{9A19103F-16F7-4668-BE54-9A1E7A4F7556}") = "UsingInterfaceTestApp", "UsingInterfaceTestApp\UsingInterfaceTestApp.csproj", "{5DE1EA21-451A-4FDB-9582-EA53C1238DA6}"
EndProject
Project("{9A19103F-16F7-4668-BE54-9A1E7A4F7556}") = "AbstractClassTestApp", "AbstractClassTestApp\AbstractClassTestApp.csproj", "{5F3A4BE0-0AB0-4471-89CB-0E6F8137DD26}"
EndProject
Project("{9A19103F-16F7-4668-BE54-9A1E7A4F7556}") = "PropertyTestApp", "PropertyTestApp\PropertyTestApp.csproj", "{5293DC91-0B49-4B6E-A6F8-25EE9E42FC68}"
EndProject
Project("{9A19103F-16F7-4668-BE54-9A1E7A4F7556}") = "ArrayTestApp", "ArrayTestApp\ArrayTestApp.csproj", "{04D941E4-D6EE-48C3-A0AD-903E4A9C3CCB}"
EndProject
Project("{9A19103F-16F7-4668-BE54-9A1E7A4F7556}") = "ArrayClassTestApp", "ArrayClassTestApp\ArrayClassTestApp.csproj", "{910BF28D-54EC-4A77-91F9-BB5BD6ACCF48}"
EndProject
Project("{9A19103F-16F7-4668-BE54-9A1E7A4F7556}") = "CollectionTestApp", "CollectionTestApp\CollectionTestApp.csproj", "{56DAE4EA-78E8-489B-A20C-EACCBF075F95}"
EndProject
Project("{9A19103F-16F7-4668-BE54-9A1E7A4F7556}") = "QueueTestApp", "QueueTestApp\QueueTestApp.csproj", "{CB90C217-21A1-40BD-A44A-C74C372E7DD2}"
EndProject
Project("{9A19103F-16F7-4668-BE54-9A1E7A4F7556}") = "IndexerTestApp", "IndexerTestApp\IndexerTestApp.csproj", "{FB8660CA-99EC-44AC-8F67-091077CA776A}"
EndProject
Project("{9A19103F-16F7-4668-BE54-9A1E7A4F7556}") = "GenericTestApp", "GenericTestApp\GenericTestApp.csproj", "{88F6A55A-284B-46FF-8498-DC3DD5F44ED6}"
EndProject
Project("{9A19103F-16F7-4668-BE54-9A1E7A4F7556}") = "GenericTestApp2", "GenericTestApp2\GenericTestApp2.csproj", "{F19D6ACA-805A-42EB-B386-3874E2D453DC}"
EndProject
Project("{9A19103F-16F7-4668-BE54-9A1E7A4F7556}") = "GenericMyListApp", "GenericMyListApp\GenericMyListApp.csproj", "{0CB4D7DB-30AE-46C2-8E88-CCE93E5565CE}"
EndProject
Project("{9A19103F-16F7-4668-BE54-9A1E7A4F7556}") = "GenericCollectionApp", "GenericCollectionApp\GenericCollectionApp.csproj", "{E64959A1-C603-4B44-8A77-D86F82E42ECE}"
EndProject
Project("{9A19103F-16F7-4668-BE54-9A1E7A4F7556}") = "ExceptionTestApp", "ExceptionTestApp\ExceptionTestApp.csproj", "{FF3B32BF-AFC5-4802-8F12-C1A4EE197461}"
EndProject
Project("{9A19103F-16F7-4668-BE54-9A1E7A4F7556}") = "DelegateTestApp", "DelegateTestApp\DelegateTestApp.csproj", "{7A184B23-B4C7-449E-8223-245BE240826E}"
EndProject
Project("{9A19103F-16F7-4668-BE54-9A1E7A4F7556}") = "DelegateChainApp", "DelegateChainApp\DelegateChainApp.csproj", "{2F207CE3-2BD2-4E47-8AB4-E6FFEADD878A}"
EndProject
Project("{9A19103F-16F7-4668-BE54-9A1E7A4F7556}") = "EventHandlerTestApp", "EventHandlerTestApp\EventHandlerTestApp.csproj", "{7448CA43-0EBF-4ABB-A164-4AB6C3041041}"
EndProject
Project("{FAE04EC0-301F-11D3-BF4B-00C04F79EFBC}") = "EventHandlerCheckApp", "EventHandlerCheckApp\EventHandlerCheckApp.csproj", "{5509CFF7-4CD6-4356-A27A-71A48AAD0FA0}"
EndProject
Project("{9A19103F-16F7-4668-BE54-9A1E7A4F7556}") = "LambdaTestApp", "LambdaTestApp\LambdaTestApp.csproj", "{3372E065-ECF0-4375-B0CC-03475DEECC10}"
EndProject
Project("{9A19103F-16F7-4668-BE54-9A1E7A4F7556}") = "LinqTestApp", "LinqTestApp\LinqTestApp.csproj", "{FD13B09B-CEB1-45A8-8EDD-11DBCDF647EC}"
EndProject
Project("{9A19103F-16F7-4668-BE54-9A1E7A4F7556}") = "ReflectionTestApp", "ReflectionTestApp\ReflectionTestApp.csproj", "{6045CE50-D475-4CB0-B815-F98C3C228B65}"
EndProject
Project("{9A19103F-16F7-4668-BE54-9A1E7A4F7556}") = "DynCreationTestApp", "DynCreationTestApp\DynCreationTestApp.csproj", "{959993FA-54F9-46BA-8EE4-4F93921774C3}"
EndProject
Project("{9A19103F-16F7-4668-BE54-9A1E7A4F7556}") = "AttributeTestApp", "AtributeTestApp\AttributeTestApp.csproj", "{F4BC3BFC-B4F7-4FA5-81A3-B9D41DA43F75}"
EndProject
Project("{9A19103F-16F7-4668-BE54-9A1E7A4F7556}") = "CalcUnitTest", "CalcUnitTest\CalcUnitTest.csproj", "{2863F81E-9B65-4DE4-BE34-96FB67D94C6A}"
EndProject
Project("{9A19103F-16F7-4668-BE54-9A1E7A4F7556}") = "FileDirectoryTestApp", "FileDirectoryTestApp\FileDirectoryTestApp.csproj", "{D59BD42C-4EC0-4C41-A144-2EB67BA9B55C}"
EndProject
Project("{9A19103F-16F7-4668-BE54-9A1E7A4F7556}") = "FileReadingTestApp", "FileReadingTestApp\FileReadingTestApp.csproj", "{682F5990-0660-4B49-AAC0-238EC34A11B1}"
EndProject
Project("{9A19103F-16F7-4668-BE54-9A1E7A4F7556}") = "MLoggerTestApp", "MLoggerTestApp\MLoggerTestApp.csproj", "{D5FDF833-C183-4D72-8305-CD58F9FE6CEE}"
EndProject
Project("{9A19103F-16F7-4668-BE54-9A1E7A4F7556}") = "BasicThreadTestApp", "BasicThreadTestApp\BasicThreadTestApp.csproj", "{11C83619-E2A8-4464-A411-95D4FCA0F136}"
EndProject
Project("{9A19103F-16F7-4668-BE54-9A1E7A4F7556}") = "WindowsThreadApp", "WindowsThreadApp\WindowsThreadApp.csproj", "{114EEE85-4454-471A-80FC-7355BCEB4B00}"
EndProject
Project("{FAE04EC0-301F-11D3-BF4B-00C04F79EFBC}") = "ThreadLockTestApp", "ThreadLockTestApp\ThreadLockTestApp.csproj", "{D11DA41D-7A91-486A-8829-E83E969E7EEF}"
EndProject
Project("{FAE04EC0-301F-11D3-BF4B-00C04F79EFBC}") = "TaskTestApp", "TaskTestApp\TaskTestApp.csproj", "{6A58F6D9-EC64-4ED0-A0DC-7939081DA959}"
EndProject
Project("{FAE04EC0-301F-11D3-BF4B-00C04F79EFBC}") = "ParallelTestApp", "ParallelTestApp\ParallelTestApp.csproj", "{40B0E35D-E911-47DD-A597-D7CFED0E37E1}"
EndProject
Project("{FAE04EC0-301F-11D3-BF4B-00C04F79EFBC}") = "AsyncTestApp", "AsyncTestApp\AsyncTestApp.csproj", "{4BF76681-E0C2-4CAB-8132-3065C07707C7}"
EndProject
Project("{FAE04EC0-301F-11D3-BF4B-00C04F79EFBC}") = "TextEditorApp", "TextEditorApp\TextEditorApp.csproj", "{E8D07C94-8B81-4448-B2C1-58B6E77143C6}"
EndProject
Global
	GlobalSection(SolutionConfigurationPlatforms) = preSolution
		Debug|Any CPU = Debug|Any CPU
		Release|Any CPU = Release|Any CPU
	EndGlobalSection
	GlobalSection(ProjectConfigurationPlatforms) = postSolution
		{E28649C0-3C6F-418B-B19A-78D2855F5859}.Debug|Any CPU.ActiveCfg = Debug|Any CPU
		{E28649C0-3C6F-418B-B19A-78D2855F5859}.Debug|Any CPU.Build.0 = Debug|Any CPU
		{E28649C0-3C6F-418B-B19A-78D2855F5859}.Release|Any CPU.ActiveCfg = Release|Any CPU
		{E28649C0-3C6F-418B-B19A-78D2855F5859}.Release|Any CPU.Build.0 = Release|Any CPU
		{A1CA4B4D-41CA-4945-B0D8-522646B5501A}.Debug|Any CPU.ActiveCfg = Debug|Any CPU
		{A1CA4B4D-41CA-4945-B0D8-522646B5501A}.Debug|Any CPU.Build.0 = Debug|Any CPU
		{A1CA4B4D-41CA-4945-B0D8-522646B5501A}.Release|Any CPU.ActiveCfg = Release|Any CPU
		{A1CA4B4D-41CA-4945-B0D8-522646B5501A}.Release|Any CPU.Build.0 = Release|Any CPU
		{5DE1EA21-451A-4FDB-9582-EA53C1238DA6}.Debug|Any CPU.ActiveCfg = Debug|Any CPU
		{5DE1EA21-451A-4FDB-9582-EA53C1238DA6}.Debug|Any CPU.Build.0 = Debug|Any CPU
		{5DE1EA21-451A-4FDB-9582-EA53C1238DA6}.Release|Any CPU.ActiveCfg = Release|Any CPU
		{5DE1EA21-451A-4FDB-9582-EA53C1238DA6}.Release|Any CPU.Build.0 = Release|Any CPU
		{5F3A4BE0-0AB0-4471-89CB-0E6F8137DD26}.Debug|Any CPU.ActiveCfg = Debug|Any CPU
		{5F3A4BE0-0AB0-4471-89CB-0E6F8137DD26}.Debug|Any CPU.Build.0 = Debug|Any CPU
		{5F3A4BE0-0AB0-4471-89CB-0E6F8137DD26}.Release|Any CPU.ActiveCfg = Release|Any CPU
		{5F3A4BE0-0AB0-4471-89CB-0E6F8137DD26}.Release|Any CPU.Build.0 = Release|Any CPU
		{5293DC91-0B49-4B6E-A6F8-25EE9E42FC68}.Debug|Any CPU.ActiveCfg = Debug|Any CPU
		{5293DC91-0B49-4B6E-A6F8-25EE9E42FC68}.Debug|Any CPU.Build.0 = Debug|Any CPU
		{5293DC91-0B49-4B6E-A6F8-25EE9E42FC68}.Release|Any CPU.ActiveCfg = Release|Any CPU
		{5293DC91-0B49-4B6E-A6F8-25EE9E42FC68}.Release|Any CPU.Build.0 = Release|Any CPU
		{04D941E4-D6EE-48C3-A0AD-903E4A9C3CCB}.Debug|Any CPU.ActiveCfg = Debug|Any CPU
		{04D941E4-D6EE-48C3-A0AD-903E4A9C3CCB}.Debug|Any CPU.Build.0 = Debug|Any CPU
		{04D941E4-D6EE-48C3-A0AD-903E4A9C3CCB}.Release|Any CPU.ActiveCfg = Release|Any CPU
		{04D941E4-D6EE-48C3-A0AD-903E4A9C3CCB}.Release|Any CPU.Build.0 = Release|Any CPU
		{910BF28D-54EC-4A77-91F9-BB5BD6ACCF48}.Debug|Any CPU.ActiveCfg = Debug|Any CPU
		{910BF28D-54EC-4A77-91F9-BB5BD6ACCF48}.Debug|Any CPU.Build.0 = Debug|Any CPU
		{910BF28D-54EC-4A77-91F9-BB5BD6ACCF48}.Release|Any CPU.ActiveCfg = Release|Any CPU
		{910BF28D-54EC-4A77-91F9-BB5BD6ACCF48}.Release|Any CPU.Build.0 = Release|Any CPU
		{56DAE4EA-78E8-489B-A20C-EACCBF075F95}.Debug|Any CPU.ActiveCfg = Debug|Any CPU
		{56DAE4EA-78E8-489B-A20C-EACCBF075F95}.Debug|Any CPU.Build.0 = Debug|Any CPU
		{56DAE4EA-78E8-489B-A20C-EACCBF075F95}.Release|Any CPU.ActiveCfg = Release|Any CPU
		{56DAE4EA-78E8-489B-A20C-EACCBF075F95}.Release|Any CPU.Build.0 = Release|Any CPU
		{CB90C217-21A1-40BD-A44A-C74C372E7DD2}.Debug|Any CPU.ActiveCfg = Debug|Any CPU
		{CB90C217-21A1-40BD-A44A-C74C372E7DD2}.Debug|Any CPU.Build.0 = Debug|Any CPU
		{CB90C217-21A1-40BD-A44A-C74C372E7DD2}.Release|Any CPU.ActiveCfg = Release|Any CPU
		{CB90C217-21A1-40BD-A44A-C74C372E7DD2}.Release|Any CPU.Build.0 = Release|Any CPU
		{FB8660CA-99EC-44AC-8F67-091077CA776A}.Debug|Any CPU.ActiveCfg = Debug|Any CPU
		{FB8660CA-99EC-44AC-8F67-091077CA776A}.Debug|Any CPU.Build.0 = Debug|Any CPU
		{FB8660CA-99EC-44AC-8F67-091077CA776A}.Release|Any CPU.ActiveCfg = Release|Any CPU
		{FB8660CA-99EC-44AC-8F67-091077CA776A}.Release|Any CPU.Build.0 = Release|Any CPU
		{88F6A55A-284B-46FF-8498-DC3DD5F44ED6}.Debug|Any CPU.ActiveCfg = Debug|Any CPU
		{88F6A55A-284B-46FF-8498-DC3DD5F44ED6}.Debug|Any CPU.Build.0 = Debug|Any CPU
		{88F6A55A-284B-46FF-8498-DC3DD5F44ED6}.Release|Any CPU.ActiveCfg = Release|Any CPU
		{88F6A55A-284B-46FF-8498-DC3DD5F44ED6}.Release|Any CPU.Build.0 = Release|Any CPU
		{F19D6ACA-805A-42EB-B386-3874E2D453DC}.Debug|Any CPU.ActiveCfg = Debug|Any CPU
		{F19D6ACA-805A-42EB-B386-3874E2D453DC}.Debug|Any CPU.Build.0 = Debug|Any CPU
		{F19D6ACA-805A-42EB-B386-3874E2D453DC}.Release|Any CPU.ActiveCfg = Release|Any CPU
		{F19D6ACA-805A-42EB-B386-3874E2D453DC}.Release|Any CPU.Build.0 = Release|Any CPU
		{0CB4D7DB-30AE-46C2-8E88-CCE93E5565CE}.Debug|Any CPU.ActiveCfg = Debug|Any CPU
		{0CB4D7DB-30AE-46C2-8E88-CCE93E5565CE}.Debug|Any CPU.Build.0 = Debug|Any CPU
		{0CB4D7DB-30AE-46C2-8E88-CCE93E5565CE}.Release|Any CPU.ActiveCfg = Release|Any CPU
		{0CB4D7DB-30AE-46C2-8E88-CCE93E5565CE}.Release|Any CPU.Build.0 = Release|Any CPU
		{E64959A1-C603-4B44-8A77-D86F82E42ECE}.Debug|Any CPU.ActiveCfg = Debug|Any CPU
		{E64959A1-C603-4B44-8A77-D86F82E42ECE}.Debug|Any CPU.Build.0 = Debug|Any CPU
		{E64959A1-C603-4B44-8A77-D86F82E42ECE}.Release|Any CPU.ActiveCfg = Release|Any CPU
		{E64959A1-C603-4B44-8A77-D86F82E42ECE}.Release|Any CPU.Build.0 = Release|Any CPU
		{FF3B32BF-AFC5-4802-8F12-C1A4EE197461}.Debug|Any CPU.ActiveCfg = Debug|Any CPU
		{FF3B32BF-AFC5-4802-8F12-C1A4EE197461}.Debug|Any CPU.Build.0 = Debug|Any CPU
		{FF3B32BF-AFC5-4802-8F12-C1A4EE197461}.Release|Any CPU.ActiveCfg = Release|Any CPU
		{FF3B32BF-AFC5-4802-8F12-C1A4EE197461}.Release|Any CPU.Build.0 = Release|Any CPU
		{7A184B23-B4C7-449E-8223-245BE240826E}.Debug|Any CPU.ActiveCfg = Debug|Any CPU
		{7A184B23-B4C7-449E-8223-245BE240826E}.Debug|Any CPU.Build.0 = Debug|Any CPU
		{7A184B23-B4C7-449E-8223-245BE240826E}.Release|Any CPU.ActiveCfg = Release|Any CPU
		{7A184B23-B4C7-449E-8223-245BE240826E}.Release|Any CPU.Build.0 = Release|Any CPU
		{2F207CE3-2BD2-4E47-8AB4-E6FFEADD878A}.Debug|Any CPU.ActiveCfg = Debug|Any CPU
		{2F207CE3-2BD2-4E47-8AB4-E6FFEADD878A}.Debug|Any CPU.Build.0 = Debug|Any CPU
		{2F207CE3-2BD2-4E47-8AB4-E6FFEADD878A}.Release|Any CPU.ActiveCfg = Release|Any CPU
		{2F207CE3-2BD2-4E47-8AB4-E6FFEADD878A}.Release|Any CPU.Build.0 = Release|Any CPU
		{7448CA43-0EBF-4ABB-A164-4AB6C3041041}.Debug|Any CPU.ActiveCfg = Debug|Any CPU
		{7448CA43-0EBF-4ABB-A164-4AB6C3041041}.Debug|Any CPU.Build.0 = Debug|Any CPU
		{7448CA43-0EBF-4ABB-A164-4AB6C3041041}.Release|Any CPU.ActiveCfg = Release|Any CPU
		{7448CA43-0EBF-4ABB-A164-4AB6C3041041}.Release|Any CPU.Build.0 = Release|Any CPU
		{5509CFF7-4CD6-4356-A27A-71A48AAD0FA0}.Debug|Any CPU.ActiveCfg = Debug|Any CPU
		{5509CFF7-4CD6-4356-A27A-71A48AAD0FA0}.Debug|Any CPU.Build.0 = Debug|Any CPU
		{5509CFF7-4CD6-4356-A27A-71A48AAD0FA0}.Release|Any CPU.ActiveCfg = Release|Any CPU
		{5509CFF7-4CD6-4356-A27A-71A48AAD0FA0}.Release|Any CPU.Build.0 = Release|Any CPU
		{3372E065-ECF0-4375-B0CC-03475DEECC10}.Debug|Any CPU.ActiveCfg = Debug|Any CPU
		{3372E065-ECF0-4375-B0CC-03475DEECC10}.Debug|Any CPU.Build.0 = Debug|Any CPU
		{3372E065-ECF0-4375-B0CC-03475DEECC10}.Release|Any CPU.ActiveCfg = Release|Any CPU
		{3372E065-ECF0-4375-B0CC-03475DEECC10}.Release|Any CPU.Build.0 = Release|Any CPU
		{FD13B09B-CEB1-45A8-8EDD-11DBCDF647EC}.Debug|Any CPU.ActiveCfg = Debug|Any CPU
		{FD13B09B-CEB1-45A8-8EDD-11DBCDF647EC}.Debug|Any CPU.Build.0 = Debug|Any CPU
		{FD13B09B-CEB1-45A8-8EDD-11DBCDF647EC}.Release|Any CPU.ActiveCfg = Release|Any CPU
		{FD13B09B-CEB1-45A8-8EDD-11DBCDF647EC}.Release|Any CPU.Build.0 = Release|Any CPU
		{6045CE50-D475-4CB0-B815-F98C3C228B65}.Debug|Any CPU.ActiveCfg = Debug|Any CPU
		{6045CE50-D475-4CB0-B815-F98C3C228B65}.Debug|Any CPU.Build.0 = Debug|Any CPU
		{6045CE50-D475-4CB0-B815-F98C3C228B65}.Release|Any CPU.ActiveCfg = Release|Any CPU
		{6045CE50-D475-4CB0-B815-F98C3C228B65}.Release|Any CPU.Build.0 = Release|Any CPU
		{959993FA-54F9-46BA-8EE4-4F93921774C3}.Debug|Any CPU.ActiveCfg = Debug|Any CPU
		{959993FA-54F9-46BA-8EE4-4F93921774C3}.Debug|Any CPU.Build.0 = Debug|Any CPU
		{959993FA-54F9-46BA-8EE4-4F93921774C3}.Release|Any CPU.ActiveCfg = Release|Any CPU
		{959993FA-54F9-46BA-8EE4-4F93921774C3}.Release|Any CPU.Build.0 = Release|Any CPU
		{F4BC3BFC-B4F7-4FA5-81A3-B9D41DA43F75}.Debug|Any CPU.ActiveCfg = Debug|Any CPU
		{F4BC3BFC-B4F7-4FA5-81A3-B9D41DA43F75}.Debug|Any CPU.Build.0 = Debug|Any CPU
		{F4BC3BFC-B4F7-4FA5-81A3-B9D41DA43F75}.Release|Any CPU.ActiveCfg = Release|Any CPU
		{F4BC3BFC-B4F7-4FA5-81A3-B9D41DA43F75}.Release|Any CPU.Build.0 = Release|Any CPU
		{2863F81E-9B65-4DE4-BE34-96FB67D94C6A}.Debug|Any CPU.ActiveCfg = Debug|Any CPU
		{2863F81E-9B65-4DE4-BE34-96FB67D94C6A}.Debug|Any CPU.Build.0 = Debug|Any CPU
		{2863F81E-9B65-4DE4-BE34-96FB67D94C6A}.Release|Any CPU.ActiveCfg = Release|Any CPU
		{2863F81E-9B65-4DE4-BE34-96FB67D94C6A}.Release|Any CPU.Build.0 = Release|Any CPU
		{D59BD42C-4EC0-4C41-A144-2EB67BA9B55C}.Debug|Any CPU.ActiveCfg = Debug|Any CPU
		{D59BD42C-4EC0-4C41-A144-2EB67BA9B55C}.Debug|Any CPU.Build.0 = Debug|Any CPU
		{D59BD42C-4EC0-4C41-A144-2EB67BA9B55C}.Release|Any CPU.ActiveCfg = Release|Any CPU
		{D59BD42C-4EC0-4C41-A144-2EB67BA9B55C}.Release|Any CPU.Build.0 = Release|Any CPU
		{682F5990-0660-4B49-AAC0-238EC34A11B1}.Debug|Any CPU.ActiveCfg = Debug|Any CPU
		{682F5990-0660-4B49-AAC0-238EC34A11B1}.Debug|Any CPU.Build.0 = Debug|Any CPU
		{682F5990-0660-4B49-AAC0-238EC34A11B1}.Release|Any CPU.ActiveCfg = Release|Any CPU
		{682F5990-0660-4B49-AAC0-238EC34A11B1}.Release|Any CPU.Build.0 = Release|Any CPU
		{D5FDF833-C183-4D72-8305-CD58F9FE6CEE}.Debug|Any CPU.ActiveCfg = Debug|Any CPU
		{D5FDF833-C183-4D72-8305-CD58F9FE6CEE}.Debug|Any CPU.Build.0 = Debug|Any CPU
		{D5FDF833-C183-4D72-8305-CD58F9FE6CEE}.Release|Any CPU.ActiveCfg = Release|Any CPU
		{D5FDF833-C183-4D72-8305-CD58F9FE6CEE}.Release|Any CPU.Build.0 = Release|Any CPU
		{11C83619-E2A8-4464-A411-95D4FCA0F136}.Debug|Any CPU.ActiveCfg = Debug|Any CPU
		{11C83619-E2A8-4464-A411-95D4FCA0F136}.Debug|Any CPU.Build.0 = Debug|Any CPU
		{11C83619-E2A8-4464-A411-95D4FCA0F136}.Release|Any CPU.ActiveCfg = Release|Any CPU
		{11C83619-E2A8-4464-A411-95D4FCA0F136}.Release|Any CPU.Build.0 = Release|Any CPU
		{114EEE85-4454-471A-80FC-7355BCEB4B00}.Debug|Any CPU.ActiveCfg = Debug|Any CPU
		{114EEE85-4454-471A-80FC-7355BCEB4B00}.Debug|Any CPU.Build.0 = Debug|Any CPU
		{114EEE85-4454-471A-80FC-7355BCEB4B00}.Release|Any CPU.ActiveCfg = Release|Any CPU
		{114EEE85-4454-471A-80FC-7355BCEB4B00}.Release|Any CPU.Build.0 = Release|Any CPU
		{D11DA41D-7A91-486A-8829-E83E969E7EEF}.Debug|Any CPU.ActiveCfg = Debug|Any CPU
		{D11DA41D-7A91-486A-8829-E83E969E7EEF}.Debug|Any CPU.Build.0 = Debug|Any CPU
		{D11DA41D-7A91-486A-8829-E83E969E7EEF}.Release|Any CPU.ActiveCfg = Release|Any CPU
		{D11DA41D-7A91-486A-8829-E83E969E7EEF}.Release|Any CPU.Build.0 = Release|Any CPU
		{6A58F6D9-EC64-4ED0-A0DC-7939081DA959}.Debug|Any CPU.ActiveCfg = Debug|Any CPU
		{6A58F6D9-EC64-4ED0-A0DC-7939081DA959}.Debug|Any CPU.Build.0 = Debug|Any CPU
		{6A58F6D9-EC64-4ED0-A0DC-7939081DA959}.Release|Any CPU.ActiveCfg = Release|Any CPU
		{6A58F6D9-EC64-4ED0-A0DC-7939081DA959}.Release|Any CPU.Build.0 = Release|Any CPU
		{40B0E35D-E911-47DD-A597-D7CFED0E37E1}.Debug|Any CPU.ActiveCfg = Debug|Any CPU
		{40B0E35D-E911-47DD-A597-D7CFED0E37E1}.Debug|Any CPU.Build.0 = Debug|Any CPU
		{40B0E35D-E911-47DD-A597-D7CFED0E37E1}.Release|Any CPU.ActiveCfg = Release|Any CPU
		{40B0E35D-E911-47DD-A597-D7CFED0E37E1}.Release|Any CPU.Build.0 = Release|Any CPU
		{4BF76681-E0C2-4CAB-8132-3065C07707C7}.Debug|Any CPU.ActiveCfg = Debug|Any CPU
		{4BF76681-E0C2-4CAB-8132-3065C07707C7}.Debug|Any CPU.Build.0 = Debug|Any CPU
		{4BF76681-E0C2-4CAB-8132-3065C07707C7}.Release|Any CPU.ActiveCfg = Release|Any CPU
		{4BF76681-E0C2-4CAB-8132-3065C07707C7}.Release|Any CPU.Build.0 = Release|Any CPU
		{E8D07C94-8B81-4448-B2C1-58B6E77143C6}.Debug|Any CPU.ActiveCfg = Debug|Any CPU
		{E8D07C94-8B81-4448-B2C1-58B6E77143C6}.Debug|Any CPU.Build.0 = Debug|Any CPU
		{E8D07C94-8B81-4448-B2C1-58B6E77143C6}.Release|Any CPU.ActiveCfg = Release|Any CPU
		{E8D07C94-8B81-4448-B2C1-58B6E77143C6}.Release|Any CPU.Build.0 = Release|Any CPU
	EndGlobalSection
	GlobalSection(SolutionProperties) = preSolution
		HideSolutionNode = FALSE
	EndGlobalSection
	GlobalSection(ExtensibilityGlobals) = postSolution
		SolutionGuid = {FEDF6EF6-89E4-49FC-B607-D6E57FB4740A}
	EndGlobalSection
EndGlobal
